
Microsoft Visual Studio Solution File, Format Version 12.00
# Visual Studio Version 16
VisualStudioVersion = 16.0.30804.86
MinimumVisualStudioVersion = 10.0.40219.1
Project("{888888A0-9F3D-457C-B088-3A5042F75D52}") = "little_data_demo", "little_data_demo\little_data_demo.pyproj", "{64F9CF25-4FC5-45F4-B899-7DEDE9581843}"
EndProject
Global
	GlobalSection(SolutionConfigurationPlatforms) = preSolution
		Debug|Any CPU = Debug|Any CPU
		Release|Any CPU = Release|Any CPU
	EndGlobalSection
	GlobalSection(ProjectConfigurationPlatforms) = postSolution
		{64F9CF25-4FC5-45F4-B899-7DEDE9581843}.Debug|Any CPU.ActiveCfg = Debug|Any CPU
		{64F9CF25-4FC5-45F4-B899-7DEDE9581843}.Release|Any CPU.ActiveCfg = Release|Any CPU
	EndGlobalSection
	GlobalSection(SolutionProperties) = preSolution
		HideSolutionNode = FALSE
	EndGlobalSection
	GlobalSection(ExtensibilityGlobals) = postSolution
		SolutionGuid = {A7688CA4-0F64-436E-832B-EC35E361384D}
	EndGlobalSection
EndGlobal
